
Microsoft Visual Studio Solution File, Format Version 12.00
# Visual Studio 15
Project("{2150E333-8FDC-42A3-9474-1A3956D46DE8}") = "WebApi", "WebApi", "{D48768FF-960F-47BB-8DDA-6401DB7735EB}"
EndProject
Project("{2150E333-8FDC-42A3-9474-1A3956D46DE8}") = "APIGateways", "APIGateways", "{8B0AFBF1-CAA2-450F-AD78-D3F682140EDF}"
EndProject
Project("{2150E333-8FDC-42A3-9474-1A3956D46DE8}") = "Services", "Services", "{0B7ED183-197E-428B-95CE-CA6B48B6AA30}"
EndProject
Project("{2150E333-8FDC-42A3-9474-1A3956D46DE8}") = "Identity", "Identity", "{A0C6A798-D0A7-4632-877F-ECC2B8F43C66}"
EndProject
Project("{2150E333-8FDC-42A3-9474-1A3956D46DE8}") = "Solution Items", "Solution Items", "{28021CAC-0622-4411-AFBF-DC25AF5514D6}"
	ProjectSection(SolutionItems) = preProject
		nlog.config = nlog.config
		.appveyor.yml = .appveyor.yml
	EndProjectSection
EndProject
Project("{2150E333-8FDC-42A3-9474-1A3956D46DE8}") = "Meals", "Meals", "{6FF8E507-1BA3-4104-B0AA-65F0D31974F8}"
EndProject
Project("{FAE04EC0-301F-11D3-BF4B-00C04F79EFBC}") = "IdentityServer.API.IntegrationTest", "WebApi\Services\Identity\IdentityServer.API.IntegrationTest\IdentityServer.API.IntegrationTest.csproj", "{C831C891-9BA2-430F-8929-CDAC0145A4B3}"
EndProject
Project("{FAE04EC0-301F-11D3-BF4B-00C04F79EFBC}") = "IdentityServer.API", "WebApi\Services\Identity\IdentityServer.API\IdentityServer.API.csproj", "{A2B5C14E-B887-4E9C-96C5-B01A0E1E7CBD}"
EndProject
Project("{FAE04EC0-301F-11D3-BF4B-00C04F79EFBC}") = "IdentityServer.API.Test", "WebApi\Services\Identity\IdentityServer.API.Test\IdentityServer.API.Test.csproj", "{9FEC6CC2-702B-47B5-8B95-EFA2DFCFE564}"
EndProject
Project("{FAE04EC0-301F-11D3-BF4B-00C04F79EFBC}") = "Meals.API.Tests", "WebApi\Services\Meals\Meals.API.Tests\Meals.API.Tests.csproj", "{B746EFF2-ABF9-48B4-AAFC-B3F336EEDA00}"
EndProject
Project("{FAE04EC0-301F-11D3-BF4B-00C04F79EFBC}") = "Meals.API", "WebApi\Services\Meals\Meals.API\Meals.API.csproj", "{3D09A644-0DDB-43C2-AB84-2FE7AB9B4B1E}"
EndProject
Project("{FAE04EC0-301F-11D3-BF4B-00C04F79EFBC}") = "Meals.API.IntegrationTests", "WebApi\Services\Meals\Meals.API.IntegrationTests\Meals.API.IntegrationTests.csproj", "{5221CEFF-1F44-4C20-B90C-0783F4EF5141}"
EndProject
Global
	GlobalSection(SolutionConfigurationPlatforms) = preSolution
		Debug|Any CPU = Debug|Any CPU
		Release|Any CPU = Release|Any CPU
	EndGlobalSection
	GlobalSection(ProjectConfigurationPlatforms) = postSolution
		{C831C891-9BA2-430F-8929-CDAC0145A4B3}.Debug|Any CPU.ActiveCfg = Debug|Any CPU
		{C831C891-9BA2-430F-8929-CDAC0145A4B3}.Debug|Any CPU.Build.0 = Debug|Any CPU
		{C831C891-9BA2-430F-8929-CDAC0145A4B3}.Release|Any CPU.ActiveCfg = Release|Any CPU
		{C831C891-9BA2-430F-8929-CDAC0145A4B3}.Release|Any CPU.Build.0 = Release|Any CPU
		{A2B5C14E-B887-4E9C-96C5-B01A0E1E7CBD}.Debug|Any CPU.ActiveCfg = Debug|Any CPU
		{A2B5C14E-B887-4E9C-96C5-B01A0E1E7CBD}.Debug|Any CPU.Build.0 = Debug|Any CPU
		{A2B5C14E-B887-4E9C-96C5-B01A0E1E7CBD}.Release|Any CPU.ActiveCfg = Release|Any CPU
		{A2B5C14E-B887-4E9C-96C5-B01A0E1E7CBD}.Release|Any CPU.Build.0 = Release|Any CPU
		{9FEC6CC2-702B-47B5-8B95-EFA2DFCFE564}.Debug|Any CPU.ActiveCfg = Debug|Any CPU
		{9FEC6CC2-702B-47B5-8B95-EFA2DFCFE564}.Debug|Any CPU.Build.0 = Debug|Any CPU
		{9FEC6CC2-702B-47B5-8B95-EFA2DFCFE564}.Release|Any CPU.ActiveCfg = Release|Any CPU
		{9FEC6CC2-702B-47B5-8B95-EFA2DFCFE564}.Release|Any CPU.Build.0 = Release|Any CPU
		{B746EFF2-ABF9-48B4-AAFC-B3F336EEDA00}.Debug|Any CPU.ActiveCfg = Debug|Any CPU
		{B746EFF2-ABF9-48B4-AAFC-B3F336EEDA00}.Debug|Any CPU.Build.0 = Debug|Any CPU
		{B746EFF2-ABF9-48B4-AAFC-B3F336EEDA00}.Release|Any CPU.ActiveCfg = Release|Any CPU
		{B746EFF2-ABF9-48B4-AAFC-B3F336EEDA00}.Release|Any CPU.Build.0 = Release|Any CPU
		{3D09A644-0DDB-43C2-AB84-2FE7AB9B4B1E}.Debug|Any CPU.ActiveCfg = Debug|Any CPU
		{3D09A644-0DDB-43C2-AB84-2FE7AB9B4B1E}.Debug|Any CPU.Build.0 = Debug|Any CPU
		{3D09A644-0DDB-43C2-AB84-2FE7AB9B4B1E}.Release|Any CPU.ActiveCfg = Release|Any CPU
		{3D09A644-0DDB-43C2-AB84-2FE7AB9B4B1E}.Release|Any CPU.Build.0 = Release|Any CPU
		{5221CEFF-1F44-4C20-B90C-0783F4EF5141}.Debug|Any CPU.ActiveCfg = Debug|Any CPU
		{5221CEFF-1F44-4C20-B90C-0783F4EF5141}.Debug|Any CPU.Build.0 = Debug|Any CPU
		{5221CEFF-1F44-4C20-B90C-0783F4EF5141}.Release|Any CPU.ActiveCfg = Release|Any CPU
		{5221CEFF-1F44-4C20-B90C-0783F4EF5141}.Release|Any CPU.Build.0 = Release|Any CPU
	EndGlobalSection
	GlobalSection(NestedProjects) = preSolution
		{8B0AFBF1-CAA2-450F-AD78-D3F682140EDF} = {D48768FF-960F-47BB-8DDA-6401DB7735EB}
		{0B7ED183-197E-428B-95CE-CA6B48B6AA30} = {D48768FF-960F-47BB-8DDA-6401DB7735EB}
		{A0C6A798-D0A7-4632-877F-ECC2B8F43C66} = {0B7ED183-197E-428B-95CE-CA6B48B6AA30}
		{6FF8E507-1BA3-4104-B0AA-65F0D31974F8} = {0B7ED183-197E-428B-95CE-CA6B48B6AA30}
		{C831C891-9BA2-430F-8929-CDAC0145A4B3} = {A0C6A798-D0A7-4632-877F-ECC2B8F43C66}
		{A2B5C14E-B887-4E9C-96C5-B01A0E1E7CBD} = {A0C6A798-D0A7-4632-877F-ECC2B8F43C66}
		{9FEC6CC2-702B-47B5-8B95-EFA2DFCFE564} = {A0C6A798-D0A7-4632-877F-ECC2B8F43C66}
		{B746EFF2-ABF9-48B4-AAFC-B3F336EEDA00} = {6FF8E507-1BA3-4104-B0AA-65F0D31974F8}
		{3D09A644-0DDB-43C2-AB84-2FE7AB9B4B1E} = {6FF8E507-1BA3-4104-B0AA-65F0D31974F8}
		{5221CEFF-1F44-4C20-B90C-0783F4EF5141} = {6FF8E507-1BA3-4104-B0AA-65F0D31974F8}
	EndGlobalSection
EndGlobal
