
Microsoft Visual Studio Solution File, Format Version 12.00
# Visual Studio 15
Project("{2150E333-8FDC-42A3-9474-1A3956D46DE8}") = "WebApi", "WebApi", "{D48768FF-960F-47BB-8DDA-6401DB7735EB}"
EndProject
Project("{2150E333-8FDC-42A3-9474-1A3956D46DE8}") = "APIGateways", "APIGateways", "{8B0AFBF1-CAA2-450F-AD78-D3F682140EDF}"
EndProject
Project("{2150E333-8FDC-42A3-9474-1A3956D46DE8}") = "Services", "Services", "{0B7ED183-197E-428B-95CE-CA6B48B6AA30}"
EndProject
Project("{2150E333-8FDC-42A3-9474-1A3956D46DE8}") = "Identity", "Identity", "{A0C6A798-D0A7-4632-877F-ECC2B8F43C66}"
EndProject
Project("{2150E333-8FDC-42A3-9474-1A3956D46DE8}") = "Solution Items", "Solution Items", "{28021CAC-0622-4411-AFBF-DC25AF5514D6}"
	ProjectSection(SolutionItems) = preProject
		nlog.config = nlog.config
		.appveyor.yml = .appveyor.yml
	EndProjectSection
EndProject
Project("{FAE04EC0-301F-11D3-BF4B-00C04F79EFBC}") = "IdentityServer.API.IntegrationTest", "WebApi\Services\Identity\IdentityServer.API.IntegrationTest\IdentityServer.API.IntegrationTest.csproj", "{7D902EF1-6538-4E9D-BBFE-749F8C12EA51}"
EndProject
Project("{FAE04EC0-301F-11D3-BF4B-00C04F79EFBC}") = "IdentityServer.API", "WebApi\Services\Identity\IdentityServer.API\IdentityServer.API.csproj", "{E9063E97-6B94-4E0E-88E0-11414EFC90FF}"
EndProject
Project("{2150E333-8FDC-42A3-9474-1A3956D46DE8}") = "Meals", "Meals", "{6FF8E507-1BA3-4104-B0AA-65F0D31974F8}"
EndProject
Project("{9344BDBB-3E7F-41FC-A0DD-8665D75EE146}") = "IdentityServer.API.Test", "WebApi\Services\Identity\IdentityServer.API.Test\IdentityServer.API.Test.csproj", "{85B5277B-CBF1-46CA-92D4-3E721FCC8D8C}"
EndProject
Project("{FAE04EC0-301F-11D3-BF4B-00C04F79EFBC}") = "Meals.API", "WebApi\Services\Meals\Meals.API\Meals.API.csproj", "{5C3F005F-7D37-417C-A1E2-C4B021D94886}"
EndProject
Project("{FAE04EC0-301F-11D3-BF4B-00C04F79EFBC}") = "Meals.API.Tests", "WebApi\Services\Meals\Meals.API.Tests\Meals.API.Tests.csproj", "{F6DFBAF2-03FB-452A-A25D-D87A012DBB68}"
EndProject
Global
	GlobalSection(SolutionConfigurationPlatforms) = preSolution
		Debug|Any CPU = Debug|Any CPU
		Release|Any CPU = Release|Any CPU
	EndGlobalSection
	GlobalSection(ProjectConfigurationPlatforms) = postSolution
		{7D902EF1-6538-4E9D-BBFE-749F8C12EA51}.Debug|Any CPU.ActiveCfg = Debug|Any CPU
		{7D902EF1-6538-4E9D-BBFE-749F8C12EA51}.Debug|Any CPU.Build.0 = Debug|Any CPU
		{7D902EF1-6538-4E9D-BBFE-749F8C12EA51}.Release|Any CPU.ActiveCfg = Release|Any CPU
		{7D902EF1-6538-4E9D-BBFE-749F8C12EA51}.Release|Any CPU.Build.0 = Release|Any CPU
		{E9063E97-6B94-4E0E-88E0-11414EFC90FF}.Debug|Any CPU.ActiveCfg = Debug|Any CPU
		{E9063E97-6B94-4E0E-88E0-11414EFC90FF}.Debug|Any CPU.Build.0 = Debug|Any CPU
		{E9063E97-6B94-4E0E-88E0-11414EFC90FF}.Release|Any CPU.ActiveCfg = Release|Any CPU
		{E9063E97-6B94-4E0E-88E0-11414EFC90FF}.Release|Any CPU.Build.0 = Release|Any CPU
		{85B5277B-CBF1-46CA-92D4-3E721FCC8D8C}.Debug|Any CPU.ActiveCfg = Debug|Any CPU
		{85B5277B-CBF1-46CA-92D4-3E721FCC8D8C}.Debug|Any CPU.Build.0 = Debug|Any CPU
		{85B5277B-CBF1-46CA-92D4-3E721FCC8D8C}.Release|Any CPU.ActiveCfg = Release|Any CPU
		{85B5277B-CBF1-46CA-92D4-3E721FCC8D8C}.Release|Any CPU.Build.0 = Release|Any CPU
		{5C3F005F-7D37-417C-A1E2-C4B021D94886}.Debug|Any CPU.ActiveCfg = Debug|Any CPU
		{5C3F005F-7D37-417C-A1E2-C4B021D94886}.Debug|Any CPU.Build.0 = Debug|Any CPU
		{5C3F005F-7D37-417C-A1E2-C4B021D94886}.Release|Any CPU.ActiveCfg = Release|Any CPU
		{5C3F005F-7D37-417C-A1E2-C4B021D94886}.Release|Any CPU.Build.0 = Release|Any CPU
		{F6DFBAF2-03FB-452A-A25D-D87A012DBB68}.Debug|Any CPU.ActiveCfg = Debug|Any CPU
		{F6DFBAF2-03FB-452A-A25D-D87A012DBB68}.Debug|Any CPU.Build.0 = Debug|Any CPU
		{F6DFBAF2-03FB-452A-A25D-D87A012DBB68}.Release|Any CPU.ActiveCfg = Release|Any CPU
		{F6DFBAF2-03FB-452A-A25D-D87A012DBB68}.Release|Any CPU.Build.0 = Release|Any CPU
	EndGlobalSection
	GlobalSection(NestedProjects) = preSolution
		{8B0AFBF1-CAA2-450F-AD78-D3F682140EDF} = {D48768FF-960F-47BB-8DDA-6401DB7735EB}
		{0B7ED183-197E-428B-95CE-CA6B48B6AA30} = {D48768FF-960F-47BB-8DDA-6401DB7735EB}
		{A0C6A798-D0A7-4632-877F-ECC2B8F43C66} = {0B7ED183-197E-428B-95CE-CA6B48B6AA30}
		{7D902EF1-6538-4E9D-BBFE-749F8C12EA51} = {A0C6A798-D0A7-4632-877F-ECC2B8F43C66}
		{E9063E97-6B94-4E0E-88E0-11414EFC90FF} = {A0C6A798-D0A7-4632-877F-ECC2B8F43C66}
		{6FF8E507-1BA3-4104-B0AA-65F0D31974F8} = {0B7ED183-197E-428B-95CE-CA6B48B6AA30}
		{85B5277B-CBF1-46CA-92D4-3E721FCC8D8C} = {A0C6A798-D0A7-4632-877F-ECC2B8F43C66}
		{5C3F005F-7D37-417C-A1E2-C4B021D94886} = {6FF8E507-1BA3-4104-B0AA-65F0D31974F8}
		{F6DFBAF2-03FB-452A-A25D-D87A012DBB68} = {6FF8E507-1BA3-4104-B0AA-65F0D31974F8}
	EndGlobalSection
EndGlobal
